lockfileVersion: '9.0'

settings:
  autoInstallPeers: true
  excludeLinksFromLockfile: false

importers:

  .:
    dependencies:
      node-machine-id:
        specifier: ^1.1.12
        version: 1.1.12
      undici:
        specifier: ^8.7.0
        version: 8.7.0
      uuid:
        specifier: ^14.0.1
        version: 14.0.1

packages:

  node-machine-id@1.1.12:
    resolution: {integrity: sha512-QNABxbrPa3qEIfrE6GOJ7BYIuignnJw7iQ2YPbc3Nla1HzRJjXzZOiikfF8m7eAMfichLt3M4VgLOetqgDmgGQ==}

  undici@8.7.0:
    resolution: {integrity: sha512-N7iQtfyLhIMOFgQubvmLV26svHpO0bqKnAiWotTQCVKCmWrcGbBotPuW1x+xwYZ2VHdSTVUfPQQnlEt1/LouTQ==}
    engines: {node: '>=22.19.0'}

  uuid@14.0.1:
    resolution: {integrity: sha512-6ZxzVpzDXDa3bJWaHilVayA+BH/1zmxCJoVgvmqJnid/gPoKHxUrS/aC/T6LGQtNHT+XHG9fXPJB4d+IrU30Ew==}
    hasBin: true

snapshots:

  node-machine-id@1.1.12: {}

  undici@8.7.0: {}

  uuid@14.0.1: {}
